<Solution>
  <Project Path="../47/Ex47.csproj" Id="e04c625d-f38d-4c9f-ae51-30ad346e6355" />
  <Project Path="../48/Ex48.csproj" Id="2709a8c5-3cc2-41aa-b5af-198f6e0e4efa" />
  <Project Path="../Ex49/Ex49.csproj" Id="c1737717-9682-41ef-ab4f-172140642db1" />
  <Project Path="../Ex50/Ex50.csproj" Id="04d51030-fd82-4fac-b9c8-9a058fc0f13e" />
  <Project Path="../Ex51/Ex51.csproj" Id="cd00e774-48f3-4cda-829c-62904d2647dd" />
  <Project Path="../Ex52/Ex52.csproj" Id="c2b30936-1d06-4ec0-aec8-3d36b7ecbf93" />
  <Project Path="../Ex53/Ex53.csproj" Id="633fb452-3afd-46f6-9b39-f7a159497c53" />
  <Project Path="../Ex54/Ex54.csproj" Id="2026c72a-7186-4b9f-bc9b-e30af95b0a4f" />
  <Project Path="../Ex55/Ex55.csproj" Id="08832e2d-ce18-43b9-bd4d-7a2d80ce6036" />
  <Project Path="../Ex56/Ex56.csproj" Id="19d8e90b-f611-4a94-9703-7b417ba51f66" />
  <Project Path="../Ex57/Ex57.csproj" Id="98121ecd-79fd-4927-b064-fca50f949ac2" />
  <Project Path="../Ex58/Ex58.csproj" Id="5c568548-e158-4ad5-8a18-860f464f2b29" />
  <Project Path="../Ex59/Ex59.csproj" Id="062d9614-fd6c-436d-a59d-edd50966b1e1" />
  <Project Path="../Ex60/Ex60.csproj" Id="fcaf0e44-c6fc-4108-8f6c-d22b94232883" />
  <Project Path="Ex46.csproj" />
</Solution>
